
Microsoft Visual Studio Solution File, Format Version 12.00
# Visual Studio Version 17
VisualStudioVersion = 17.0.32112.339
MinimumVisualStudioVersion = 10.0.40219.1
Project("{FAE04EC0-301F-11D3-BF4B-00C04F79EFBC}") = "PythonCodeEditor", "PythonCodeEditor.csproj", "{3F7B8C6E-D9C5-4975-8750-B5CAF148AB5F}"
EndProject
Global
	GlobalSection(SolutionConfigurationPlatforms) = preSolution
		Debug|Any CPU = Debug|Any CPU
		Release|Any CPU = Release|Any CPU
	EndGlobalSection
	GlobalSection(ProjectConfigurationPlatforms) = postSolution
		{3F7B8C6E-D9C5-4975-8750-B5CAF148AB5F}.Debug|Any CPU.ActiveCfg = Debug|Any CPU
		{3F7B8C6E-D9C5-4975-8750-B5CAF148AB5F}.Debug|Any CPU.Build.0 = Debug|Any CPU
		{3F7B8C6E-D9C5-4975-8750-B5CAF148AB5F}.Release|Any CPU.ActiveCfg = Release|Any CPU
		{3F7B8C6E-D9C5-4975-8750-B5CAF148AB5F}.Release|Any CPU.Build.0 = Release|Any CPU
	EndGlobalSection
	GlobalSection(SolutionProperties) = preSolution
		HideSolutionNode = FALSE
	EndGlobalSection
	GlobalSection(ExtensibilityGlobals) = postSolution
		SolutionGuid = {C9C974AF-3F1E-496E-8688-86F5C0238BB9}
	EndGlobalSection
EndGlobal
